
Microsoft Visual Studio Solution File, Format Version 12.00
# Visual Studio Version 16
VisualStudioVersion = 16.0.30907.101
MinimumVisualStudioVersion = 10.0.40219.1
Project("{FAE04EC0-301F-11D3-BF4B-00C04F79EFBC}") = "DeviceShop", "DeviceShop\DeviceShop.csproj", "{DE313AAF-37D7-4CE7-9278-0B76832BFF6F}"
EndProject
Global
	GlobalSection(SolutionConfigurationPlatforms) = preSolution
		Debug|Any CPU = Debug|Any CPU
		Release|Any CPU = Release|Any CPU
	EndGlobalSection
	GlobalSection(ProjectConfigurationPlatforms) = postSolution
		{DE313AAF-37D7-4CE7-9278-0B76832BFF6F}.Debug|Any CPU.ActiveCfg = Debug|Any CPU
		{DE313AAF-37D7-4CE7-9278-0B76832BFF6F}.Debug|Any CPU.Build.0 = Debug|Any CPU
		{DE313AAF-37D7-4CE7-9278-0B76832BFF6F}.Release|Any CPU.ActiveCfg = Release|Any CPU
		{DE313AAF-37D7-4CE7-9278-0B76832BFF6F}.Release|Any CPU.Build.0 = Release|Any CPU
	EndGlobalSection
	GlobalSection(SolutionProperties) = preSolution
		HideSolutionNode = FALSE
	EndGlobalSection
	GlobalSection(ExtensibilityGlobals) = postSolution
		SolutionGuid = {23ABFA86-0F53-4D99-A777-1583D9B63BCB}
	EndGlobalSection
EndGlobal
